
Microsoft Visual Studio Solution File, Format Version 12.00
# Visual Studio 15
VisualStudioVersion = 15.0.27703.2035
MinimumVisualStudioVersion = 10.0.40219.1
Project("{FAE04EC0-301F-11D3-BF4B-00C04F79EFBC}") = "SKProject", "SKProject\SKProject.csproj", "{68338101-D997-47FB-859F-167FD9658425}"
EndProject
Project("{FAE04EC0-301F-11D3-BF4B-00C04F79EFBC}") = "SKTest_Cases", "SKTest_Cases\SKTest_Cases.csproj", "{8BBE91C0-0B53-435D-8AE2-A61C41BF55A7}"
EndProject
Global
	GlobalSection(SolutionConfigurationPlatforms) = preSolution
		Debug|Any CPU = Debug|Any CPU
		Release|Any CPU = Release|Any CPU
	EndGlobalSection
	GlobalSection(ProjectConfigurationPlatforms) = postSolution
		{68338101-D997-47FB-859F-167FD9658425}.Debug|Any CPU.ActiveCfg = Debug|Any CPU
		{68338101-D997-47FB-859F-167FD9658425}.Debug|Any CPU.Build.0 = Debug|Any CPU
		{68338101-D997-47FB-859F-167FD9658425}.Release|Any CPU.ActiveCfg = Release|Any CPU
		{68338101-D997-47FB-859F-167FD9658425}.Release|Any CPU.Build.0 = Release|Any CPU
		{8BBE91C0-0B53-435D-8AE2-A61C41BF55A7}.Debug|Any CPU.ActiveCfg = Debug|Any CPU
		{8BBE91C0-0B53-435D-8AE2-A61C41BF55A7}.Debug|Any CPU.Build.0 = Debug|Any CPU
		{8BBE91C0-0B53-435D-8AE2-A61C41BF55A7}.Release|Any CPU.ActiveCfg = Release|Any CPU
		{8BBE91C0-0B53-435D-8AE2-A61C41BF55A7}.Release|Any CPU.Build.0 = Release|Any CPU
	EndGlobalSection
	GlobalSection(SolutionProperties) = preSolution
		HideSolutionNode = FALSE
	EndGlobalSection
	GlobalSection(ExtensibilityGlobals) = postSolution
		SolutionGuid = {39443CB8-1C4D-4622-889D-D4B30080B813}
	EndGlobalSection
EndGlobal
